
Microsoft Visual Studio Solution File, Format Version 12.00
# Visual Studio 15
VisualStudioVersion = 15.0.28307.421
MinimumVisualStudioVersion = 10.0.40219.1
Project("{FAE04EC0-301F-11D3-BF4B-00C04F79EFBC}") = "WindowsFormsApp1", "WindowsFormsApp1\WindowsFormsApp1.csproj", "{801D951E-3B51-452E-83EC-37B0E082631B}"
EndProject
Global
	GlobalSection(SolutionConfigurationPlatforms) = preSolution
		Debug|Any CPU = Debug|Any CPU
		Release|Any CPU = Release|Any CPU
	EndGlobalSection
	GlobalSection(ProjectConfigurationPlatforms) = postSolution
		{801D951E-3B51-452E-83EC-37B0E082631B}.Debug|Any CPU.ActiveCfg = Debug|Any CPU
		{801D951E-3B51-452E-83EC-37B0E082631B}.Debug|Any CPU.Build.0 = Debug|Any CPU
		{801D951E-3B51-452E-83EC-37B0E082631B}.Release|Any CPU.ActiveCfg = Release|Any CPU
		{801D951E-3B51-452E-83EC-37B0E082631B}.Release|Any CPU.Build.0 = Release|Any CPU
	EndGlobalSection
	GlobalSection(SolutionProperties) = preSolution
		HideSolutionNode = FALSE
	EndGlobalSection
	GlobalSection(ExtensibilityGlobals) = postSolution
		SolutionGuid = {37138197-913B-4309-9660-9446FDFF8E66}
	EndGlobalSection
EndGlobal
